// !$*UTF8*$!
{
	archiveVersion = 1;
	classes = {
	};
	objectVersion = 55;
	objects = {

/* Begin PBXBuildFile section */
		174A4E562700BD78007D380D /* AppDelegate.swift in Sources */ = {isa = PBXBuildFile; fileRef = 174A4E552700BD78007D380D /* AppDelegate.swift */; };
		174A4E582700BD78007D380D /* SceneDelegate.swift in Sources */ = {isa = PBXBuildFile; fileRef = 174A4E572700BD78007D380D /* SceneDelegate.swift */; };
		174A4E602700BD78007D380D /* TwitterClone.xcdatamodeld in Sources */ = {isa = PBXBuildFile; fileRef = 174A4E5E2700BD78007D380D /* TwitterClone.xcdatamodeld */; };
		174A4E622700BD79007D380D /* Assets.xcassets in Resources */ = {isa = PBXBuildFile; fileRef = 174A4E612700BD79007D380D /* Assets.xcassets */; };
		174A4E652700BD79007D380D /* LaunchScreen.storyboard in Resources */ = {isa = PBXBuildFile; fileRef = 174A4E632700BD79007D380D /* LaunchScreen.storyboard */; };
		174A4E702700BD79007D380D /* TwitterCloneTests.swift in Sources */ = {isa = PBXBuildFile; fileRef = 174A4E6F2700BD79007D380D /* TwitterCloneTests.swift */; };
		174A4E7A2700BD79007D380D /* TwitterCloneUITests.swift in Sources */ = {isa = PBXBuildFile; fileRef = 174A4E792700BD79007D380D /* TwitterCloneUITests.swift */; };
		174A4E7C2700BD79007D380D /* TwitterCloneUITestsLaunchTests.swift in Sources */ = {isa = PBXBuildFile; fileRef = 174A4E7B2700BD79007D380D /* TwitterCloneUITestsLaunchTests.swift */; };
		174A4E892700BF2D007D380D /* HomeController.swift in Sources */ = {isa = PBXBuildFile; fileRef = 174A4E882700BF2D007D380D /* HomeController.swift */; };
/* End PBXBuildFile section */

/* Begin PBXContainerItemProxy section */
		174A4E6C2700BD79007D380D /* PBXContainerItemProxy */ = {
			isa = PBXContainerItemProxy;
			containerPortal = 174A4E4A2700BD77007D380D /* Project object */;
			proxyType = 1;
			remoteGlobalIDString = 174A4E512700BD78007D380D;
			remoteInfo = TwitterClone;
		};
		174A4E762700BD79007D380D /* PBXContainerItemProxy */ = {
			isa = PBXContainerItemProxy;
			containerPortal = 174A4E4A2700BD77007D380D /* Project object */;
			proxyType = 1;
			remoteGlobalIDString = 174A4E512700BD78007D380D;
			remoteInfo = TwitterClone;
		};
/* End PBXContainerItemProxy section */

/* Begin PBXFileReference section */
		174A4E522700BD78007D380D /* TwitterClone.app */ = {isa = PBXFileReference; explicitFileType = wrapper.application; includeInIndex = 0; path = TwitterClone.app; sourceTree = BUILT_PRODUCTS_DIR; };
		174A4E552700BD78007D380D /* AppDelegate.swift */ = {isa = PBXFileReference; lastKnownFileType = sourcecode.swift; path = AppDelegate.swift; sourceTree = "<group>"; };
		174A4E572700BD78007D380D /* SceneDelegate.swift */ = {isa = PBXFileReference; lastKnownFileType = sourcecode.swift; path = SceneDelegate.swift; sourceTree = "<group>"; };
		174A4E5F2700BD78007D380D /* TwitterClone.xcdatamodel */ = {isa = PBXFileReference; lastKnownFileType = wrapper.xcdatamodel; path = TwitterClone.xcdatamodel; sourceTree = "<group>"; };
		174A4E612700BD79007D380D /* Assets.xcassets */ = {isa = PBXFileReference; lastKnownFileType = folder.assetcatalog; path = Assets.xcassets; sourceTree = "<group>"; };
		174A4E642700BD79007D380D /* Base */ = {isa = PBXFileReference; lastKnownFileType = file.storyboard; name = Base; path = Base.lproj/LaunchScreen.storyboard; sourceTree = "<group>"; };
		174A4E662700BD79007D380D /* Info.plist */ = {isa = PBXFileReference; lastKnownFileType = text.plist.xml; path = Info.plist; sourceTree = "<group>"; };
		174A4E6B2700BD79007D380D /* TwitterCloneTests.xctest */ = {isa = PBXFileReference; explicitFileType = wrapper.cfbundle; includeInIndex = 0; path = TwitterCloneTests.xctest; sourceTree = BUILT_PRODUCTS_DIR; };
		174A4E6F2700BD79007D380D /* TwitterCloneTests.swift */ = {isa = PBXFileReference; lastKnownFileType = sourcecode.swift; path = TwitterCloneTests.swift; sourceTree = "<group>"; };
		174A4E752700BD79007D380D /* TwitterCloneUITests.xctest */ = {isa = PBXFileReference; explicitFileType = wrapper.cfbundle; includeInIndex = 0; path = TwitterCloneUITests.xctest; sourceTree = BUILT_PRODUCTS_DIR; };
		174A4E792700BD79007D380D /* TwitterCloneUITests.swift */ = {isa = PBXFileReference; lastKnownFileType = sourcecode.swift; path = TwitterCloneUITests.swift; sourceTree = "<group>"; };
		174A4E7B2700BD79007D380D /* TwitterCloneUITestsLaunchTests.swift */ = {isa = PBXFileReference; lastKnownFileType = sourcecode.swift; path = TwitterCloneUITestsLaunchTests.swift; sourceTree = "<group>"; };
		174A4E882700BF2D007D380D /* HomeController.swift */ = {isa = PBXFileReference; lastKnownFileType = sourcecode.swift; path = HomeController.swift; sourceTree = "<group>"; };
/* End PBXFileReference section */

/* Begin PBXFrameworksBuildPhase section */
		174A4E4F2700BD78007D380D /* Frameworks */ = {
			isa = PBXFrameworksBuildPhase;
			buildActionMask = 2147483647;
			files = (
			);
			runOnlyForDeploymentPostprocessing = 0;
		};
		174A4E682700BD79007D380D /* Frameworks */ = {
			isa = PBXFrameworksBuildPhase;
			buildActionMask = 2147483647;
			files = (
			);
			runOnlyForDeploymentPostprocessing = 0;
		};
		174A4E722700BD79007D380D /* Frameworks */ = {
			isa = PBXFrameworksBuildPhase;
			buildActionMask = 2147483647;
			files = (
			);
			runOnlyForDeploymentPostprocessing = 0;
		};
/* End PBXFrameworksBuildPhase section */

/* Begin PBXGroup section */
		174A4E492700BD77007D380D = {
			isa = PBXGroup;
			children = (
				174A4E542700BD78007D380D /* TwitterClone */,
				174A4E6E2700BD79007D380D /* TwitterCloneTests */,
				174A4E782700BD79007D380D /* TwitterCloneUITests */,
				174A4E532700BD78007D380D /* Products */,
			);
			sourceTree = "<group>";
		};
		174A4E532700BD78007D380D /* Products */ = {
			isa = PBXGroup;
			children = (
				174A4E522700BD78007D380D /* TwitterClone.app */,
				174A4E6B2700BD79007D380D /* TwitterCloneTests.xctest */,
				174A4E752700BD79007D380D /* TwitterCloneUITests.xctest */,
			);
			name = Products;
			sourceTree = "<group>";
		};
		174A4E542700BD78007D380D /* TwitterClone */ = {
			isa = PBXGroup;
			children = (
				174A4E552700BD78007D380D /* AppDelegate.swift */,
				174A4E882700BF2D007D380D /* HomeController.swift */,
				174A4E572700BD78007D380D /* SceneDelegate.swift */,
				174A4E612700BD79007D380D /* Assets.xcassets */,
				174A4E632700BD79007D380D /* LaunchScreen.storyboard */,
				174A4E662700BD79007D380D /* Info.plist */,
				174A4E5E2700BD78007D380D /* TwitterClone.xcdatamodeld */,
			);
			path = TwitterClone;
			sourceTree = "<group>";
		};
		174A4E6E2700BD79007D380D /* TwitterCloneTests */ = {
			isa = PBXGroup;
			children = (
				174A4E6F2700BD79007D380D /* TwitterCloneTests.swift */,
			);
			path = TwitterCloneTests;
			sourceTree = "<group>";
		};
		174A4E782700BD79007D380D /* TwitterCloneUITests */ = {
			isa = PBXGroup;
			children = (
				174A4E792700BD79007D380D /* TwitterCloneUITests.swift */,
				174A4E7B2700BD79007D380D /* TwitterCloneUITestsLaunchTests.swift */,
			);
			path = TwitterCloneUITests;
			sourceTree = "<group>";
		};
/* End PBXGroup section */

/* Begin PBXNativeTarget section */
		174A4E512700BD78007D380D /* TwitterClone */ = {
			isa = PBXNativeTarget;
			buildConfigurationList = 174A4E7F2700BD79007D380D /* Build configuration list for PBXNativeTarget "TwitterClone" */;
			buildPhases = (
				174A4E4E2700BD78007D380D /* Sources */,
				174A4E4F2700BD78007D380D /* Frameworks */,
				174A4E502700BD78007D380D /* Resources */,
			);
			buildRules = (
			);
			dependencies = (
			);
			name = TwitterClone;
			productName = TwitterClone;
			productReference = 174A4E522700BD78007D380D /* TwitterClone.app */;
			productType = "com.apple.product-type.application";
		};
		174A4E6A2700BD79007D380D /* TwitterCloneTests */ = {
			isa = PBXNativeTarget;
			buildConfigurationList = 174A4E822700BD79007D380D /* Build configuration list for PBXNativeTarget "TwitterCloneTests" */;
			buildPhases = (
				174A4E672700BD79007D380D /* Sources */,
				174A4E682700BD79007D380D /* Frameworks */,
				174A4E692700BD79007D380D /* Resources */,
			);
			buildRules = (
			);
			dependencies = (
				174A4E6D2700BD79007D380D /* PBXTargetDependency */,
			);
			name = TwitterCloneTests;
			productName = TwitterCloneTests;
			productReference = 174A4E6B2700BD79007D380D /* TwitterCloneTests.xctest */;
			productType = "com.apple.product-type.bundle.unit-test";
		};
		174A4E742700BD79007D380D /* TwitterCloneUITests */ = {
			isa = PBXNativeTarget;
			buildConfigurationList = 174A4E852700BD79007D380D /* Build configuration list for PBXNativeTarget "TwitterCloneUITests" */;
			buildPhases = (
				174A4E712700BD79007D380D /* Sources */,
				174A4E722700BD79007D380D /* Frameworks */,
				174A4E732700BD79007D380D /* Resources */,
			);
			buildRules = (
			);
			dependencies = (
				174A4E772700BD79007D380D /* PBXTargetDependency */,
			);
			name = TwitterCloneUITests;
			productName = TwitterCloneUITests;
			productReference = 174A4E752700BD79007D380D /* TwitterCloneUITests.xctest */;
			productType = "com.apple.product-type.bundle.ui-testing";
		};
/* End PBXNativeTarget section */

/* Begin PBXProject section */
		174A4E4A2700BD77007D380D /* Project object */ = {
			isa = PBXProject;
			attributes = {
				BuildIndependentTargetsInParallel = 1;
				LastSwiftUpdateCheck = 1300;
				LastUpgradeCheck = 1300;
				TargetAttributes = {
					174A4E512700BD78007D380D = {
						CreatedOnToolsVersion = 13.0;
					};
					174A4E6A2700BD79007D380D = {
						CreatedOnToolsVersion = 13.0;
						TestTargetID = 174A4E512700BD78007D380D;
					};
					174A4E742700BD79007D380D = {
						CreatedOnToolsVersion = 13.0;
						TestTargetID = 174A4E512700BD78007D380D;
					};
				};
			};
			buildConfigurationList = 174A4E4D2700BD77007D380D /* Build configuration list for PBXProject "TwitterClone" */;
			compatibilityVersion = "Xcode 13.0";
			developmentRegion = en;
			hasScannedForEncodings = 0;
			knownRegions = (
				en,
				Base,
			);
			mainGroup = 174A4E492700BD77007D380D;
			productRefGroup = 174A4E532700BD78007D380D /* Products */;
			projectDirPath = "";
			projectRoot = "";
			targets = (
				174A4E512700BD78007D380D /* TwitterClone */,
				174A4E6A2700BD79007D380D /* TwitterCloneTests */,
				174A4E742700BD79007D380D /* TwitterCloneUITests */,
			);
		};
/* End PBXProject section */

/* Begin PBXResourcesBuildPhase section */
		174A4E502700BD78007D380D /* Resources */ = {
			isa = PBXResourcesBuildPhase;
			buildActionMask = 2147483647;
			files = (
				174A4E652700BD79007D380D /* LaunchScreen.storyboard in Resources */,
				174A4E622700BD79007D380D /* Assets.xcassets in Resources */,
			);
			runOnlyForDeploymentPostprocessing = 0;
		};
		174A4E692700BD79007D380D /* Resources */ = {
			isa = PBXResourcesBuildPhase;
			buildActionMask = 2147483647;
			files = (
			);
			runOnlyForDeploymentPostprocessing = 0;
		};
		174A4E732700BD79007D380D /* Resources */ = {
			isa = PBXResourcesBuildPhase;
			buildActionMask = 2147483647;
			files = (
			);
			runOnlyForDeploymentPostprocessing = 0;
		};
/* End PBXResourcesBuildPhase section */

/* Begin PBXSourcesBuildPhase section */
		174A4E4E2700BD78007D380D /* Sources */ = {
			isa = PBXSourcesBuildPhase;
			buildActionMask = 2147483647;
			files = (
				174A4E602700BD78007D380D /* TwitterClone.xcdatamodeld in Sources */,
				174A4E562700BD78007D380D /* AppDelegate.swift in Sources */,
				174A4E582700BD78007D380D /* SceneDelegate.swift in Sources */,
				174A4E892700BF2D007D380D /* HomeController.swift in Sources */,
			);
			runOnlyForDeploymentPostprocessing = 0;
		};
		174A4E672700BD79007D380D /* Sources */ = {
			isa = PBXSourcesBuildPhase;
			buildActionMask = 2147483647;
			files = (
				174A4E702700BD79007D380D /* TwitterCloneTests.swift in Sources */,
			);
			runOnlyForDeploymentPostprocessing = 0;
		};
		174A4E712700BD79007D380D /* Sources */ = {
			isa = PBXSourcesBuildPhase;
			buildActionMask = 2147483647;
			files = (
				174A4E7C2700BD79007D380D /* TwitterCloneUITestsLaunchTests.swift in Sources */,
				174A4E7A2700BD79007D380D /* TwitterCloneUITests.swift in Sources */,
			);
			runOnlyForDeploymentPostprocessing = 0;
		};
/* End PBXSourcesBuildPhase section */

/* Begin PBXTargetDependency section */
		174A4E6D2700BD79007D380D /* PBXTargetDependency */ = {
			isa = PBXTargetDependency;
			target = 174A4E512700BD78007D380D /* TwitterClone */;
			targetProxy = 174A4E6C2700BD79007D380D /* PBXContainerItemProxy */;
		};
		174A4E772700BD79007D380D /* PBXTargetDependency */ = {
			isa = PBXTargetDependency;
			target = 174A4E512700BD78007D380D /* TwitterClone */;
			targetProxy = 174A4E762700BD79007D380D /* PBXContainerItemProxy */;
		};
/* End PBXTargetDependency section */

/* Begin PBXVariantGroup section */
		174A4E632700BD79007D380D /* LaunchScreen.storyboard */ = {
			isa = PBXVariantGroup;
			children = (
				174A4E642700BD79007D380D /* Base */,
			);
			name = LaunchScreen.storyboard;
			sourceTree = "<group>";
		};
/* End PBXVariantGroup section */

/* Begin XCBuildConfiguration section */
		174A4E7D2700BD79007D380D /* Debug */ = {
			isa = XCBuildConfiguration;
			buildSettings = {
				ALWAYS_SEARCH_USER_PATHS = NO;
				CLANG_ANALYZER_NONNULL = YES;
				CLANG_ANALYZER_NUMBER_OBJECT_CONVERSION = YES_AGGRESSIVE;
				CLANG_CXX_LANGUAGE_STANDARD = "gnu++17";
				CLANG_CXX_LIBRARY = "libc++";
				CLANG_ENABLE_MODULES = YES;
				CLANG_ENABLE_OBJC_ARC = YES;
				CLANG_ENABLE_OBJC_WEAK = YES;
				CLANG_WARN_BLOCK_CAPTURE_AUTORELEASING = YES;
				CLANG_WARN_BOOL_CONVERSION = YES;
				CLANG_WARN_COMMA = YES;
				CLANG_WARN_CONSTANT_CONVERSION = YES;
				CLANG_WARN_DEPRECATED_OBJC_IMPLEMENTATIONS = YES;
				CLANG_WARN_DIRECT_OBJC_ISA_USAGE = YES_ERROR;
				CLANG_WARN_DOCUMENTATION_COMMENTS = YES;
				CLANG_WARN_EMPTY_BODY = YES;
				CLANG_WARN_ENUM_CONVERSION = YES;
				CLANG_WARN_INFINITE_RECURSION = YES;
				CLANG_WARN_INT_CONVERSION = YES;
				CLANG_WARN_NON_LITERAL_NULL_CONVERSION = YES;
				CLANG_WARN_OBJC_IMPLICIT_RETAIN_SELF = YES;
				CLANG_WARN_OBJC_LITERAL_CONVERSION = YES;
				CLANG_WARN_OBJC_ROOT_CLASS = YES_ERROR;
				CLANG_WARN_QUOTED_INCLUDE_IN_FRAMEWORK_HEADER = YES;
				CLANG_WARN_RANGE_LOOP_ANALYSIS = YES;
				CLANG_WARN_STRICT_PROTOTYPES = YES;
				CLANG_WARN_SUSPICIOUS_MOVE = YES;
				CLANG_WARN_UNGUARDED_AVAILABILITY = YES_AGGRESSIVE;
				CLANG_WARN_UNREACHABLE_CODE = YES;
				CLANG_WARN__DUPLICATE_METHOD_MATCH = YES;
				COPY_PHASE_STRIP = NO;
				DEBUG_INFORMATION_FORMAT = dwarf;
				ENABLE_STRICT_OBJC_MSGSEND = YES;
				ENABLE_TESTABILITY = YES;
				GCC_C_LANGUAGE_STANDARD = gnu11;
				GCC_DYNAMIC_NO_PIC = NO;
				GCC_NO_COMMON_BLOCKS = YES;
				GCC_OPTIMIZATION_LEVEL = 0;
				GCC_PREPROCESSOR_DEFINITIONS = (
					"DEBUG=1",
					"$(inherited)",
				);
				GCC_WARN_64_TO_32_BIT_CONVERSION = YES;
				GCC_WARN_ABOUT_RETURN_TYPE = YES_ERROR;
				GCC_WARN_UNDECLARED_SELECTOR = YES;
				GCC_WARN_UNINITIALIZED_AUTOS = YES_AGGRESSIVE;
				GCC_WARN_UNUSED_FUNCTION = YES;
				GCC_WARN_UNUSED_VARIABLE = YES;
				IPHONEOS_DEPLOYMENT_TARGET = 15.0;
				MTL_ENABLE_DEBUG_INFO = INCLUDE_SOURCE;
				MTL_FAST_MATH = YES;
				ONLY_ACTIVE_ARCH = YES;
				SDKROOT = iphoneos;
				SWIFT_ACTIVE_COMPILATION_CONDITIONS = DEBUG;
				SWIFT_OPTIMIZATION_LEVEL = "-Onone";
			};
			name = Debug;
		};
		174A4E7E2700BD79007D380D /* Release */ = {
			isa = XCBuildConfiguration;
			buildSettings = {
				ALWAYS_SEARCH_USER_PATHS = NO;
				CLANG_ANALYZER_NONNULL = YES;
				CLANG_ANALYZER_NUMBER_OBJECT_CONVERSION = YES_AGGRESSIVE;
				CLANG_CXX_LANGUAGE_STANDARD = "gnu++17";
				CLANG_CXX_LIBRARY = "libc++";
				CLANG_ENABLE_MODULES = YES;
				CLANG_ENABLE_OBJC_ARC = YES;
				CLANG_ENABLE_OBJC_WEAK = YES;
				CLANG_WARN_BLOCK_CAPTURE_AUTORELEASING = YES;
				CLANG_WARN_BOOL_CONVERSION = YES;
				CLANG_WARN_COMMA = YES;
				CLANG_WARN_CONSTANT_CONVERSION = YES;
				CLANG_WARN_DEPRECATED_OBJC_IMPLEMENTATIONS = YES;
				CLANG_WARN_DIRECT_OBJC_ISA_USAGE = YES_ERROR;
				CLANG_WARN_DOCUMENTATION_COMMENTS = YES;
				CLANG_WARN_EMPTY_BODY = YES;
				CLANG_WARN_ENUM_CONVERSION = YES;
				CLANG_WARN_INFINITE_RECURSION = YES;
				CLANG_WARN_INT_CONVERSION = YES;
				CLANG_WARN_NON_LITERAL_NULL_CONVERSION = YES;
				CLANG_WARN_OBJC_IMPLICIT_RETAIN_SELF = YES;
				CLANG_WARN_OBJC_LITERAL_CONVERSION = YES;
				CLANG_WARN_OBJC_ROOT_CLASS = YES_ERROR;
				CLANG_WARN_QUOTED_INCLUDE_IN_FRAMEWORK_HEADER = YES;
				CLANG_WARN_RANGE_LOOP_ANALYSIS = YES;
				CLANG_WARN_STRICT_PROTOTYPES = YES;
				CLANG_WARN_SUSPICIOUS_MOVE = YES;
				CLANG_WARN_UNGUARDED_AVAILABILITY = YES_AGGRESSIVE;
				CLANG_WARN_UNREACHABLE_CODE = YES;
				CLANG_WARN__DUPLICATE_METHOD_MATCH = YES;
				COPY_PHASE_STRIP = NO;
				DEBUG_INFORMATION_FORMAT = "dwarf-with-dsym";
				ENABLE_NS_ASSERTIONS = NO;
				ENABLE_STRICT_OBJC_MSGSEND = YES;
				GCC_C_LANGUAGE_STANDARD = gnu11;
				GCC_NO_COMMON_BLOCKS = YES;
				GCC_WARN_64_TO_32_BIT_CONVERSION = YES;
				GCC_WARN_ABOUT_RETURN_TYPE = YES_ERROR;
				GCC_WARN_UNDECLARED_SELECTOR = YES;
				GCC_WARN_UNINITIALIZED_AUTOS = YES_AGGRESSIVE;
				GCC_WARN_UNUSED_FUNCTION = YES;
				GCC_WARN_UNUSED_VARIABLE = YES;
				IPHONEOS_DEPLOYMENT_TARGET = 15.0;
				MTL_ENABLE_DEBUG_INFO = NO;
				MTL_FAST_MATH = YES;
				SDKROOT = iphoneos;
				SWIFT_COMPILATION_MODE = wholemodule;
				SWIFT_OPTIMIZATION_LEVEL = "-O";
				VALIDATE_PRODUCT = YES;
			};
			name = Release;
		};
		174A4E802700BD79007D380D /* Debug */ = {
			isa = XCBuildConfiguration;
			buildSettings = {
				ASSETCATALOG_COMPILER_APPICON_NAME = AppIcon;
				ASSETCATALOG_COMPILER_GLOBAL_ACCENT_COLOR_NAME = AccentColor;
				CODE_SIGN_STYLE = Automatic;
				CURRENT_PROJECT_VERSION = 1;
				DEVELOPMENT_TEAM = 45N4YCBZCJ;
				GENERATE_INFOPLIST_FILE = YES;
				INFOPLIST_FILE = TwitterClone/Info.plist;
				INFOPLIST_KEY_UIApplicationSupportsIndirectInputEvents = YES;
				INFOPLIST_KEY_UILaunchStoryboardName = LaunchScreen;
				INFOPLIST_KEY_UISupportedInterfaceOrientations_iPad = "UIInterfaceOrientationPortrait UIInterfaceOrientationPortraitUpsideDown UIInterfaceOrientationLandscapeLeft UIInterfaceOrientationLandscapeRight";
				INFOPLIST_KEY_UISupportedInterfaceOrientations_iPhone = "UIInterfaceOrientationPortrait UIInterfaceOrientationLandscapeLeft UIInterfaceOrientationLandscapeRight";
				LD_RUNPATH_SEARCH_PATHS = (
					"$(inherited)",
					"@executable_path/Frameworks",
				);
				MARKETING_VERSION = 1.0;
				PRODUCT_BUNDLE_IDENTIFIER = mohsulthana.TwitterClone;
				PRODUCT_NAME = "$(TARGET_NAME)";
				SWIFT_EMIT_LOC_STRINGS = YES;
				SWIFT_VERSION = 5.0;
				TARGETED_DEVICE_FAMILY = "1,2";
			};
			name = Debug;
		};
		174A4E812700BD79007D380D /* Release */ = {
			isa = XCBuildConfiguration;
			buildSettings = {
				ASSETCATALOG_COMPILER_APPICON_NAME = AppIcon;
				ASSETCATALOG_COMPILER_GLOBAL_ACCENT_COLOR_NAME = AccentColor;
				CODE_SIGN_STYLE = Automatic;
				CURRENT_PROJECT_VERSION = 1;
				DEVELOPMENT_TEAM = 45N4YCBZCJ;
				GENERATE_INFOPLIST_FILE = YES;
				INFOPLIST_FILE = TwitterClone/Info.plist;
				INFOPLIST_KEY_UIApplicationSupportsIndirectInputEvents = YES;
				INFOPLIST_KEY_UILaunchStoryboardName = LaunchScreen;
				INFOPLIST_KEY_UISupportedInterfaceOrientations_iPad = "UIInterfaceOrientationPortrait UIInterfaceOrientationPortraitUpsideDown UIInterfaceOrientationLandscapeLeft UIInterfaceOrientationLandscapeRight";
				INFOPLIST_KEY_UISupportedInterfaceOrientations_iPhone = "UIInterfaceOrientationPortrait UIInterfaceOrientationLandscapeLeft UIInterfaceOrientationLandscapeRight";
				LD_RUNPATH_SEARCH_PATHS = (
					"$(inherited)",
					"@executable_path/Frameworks",
				);
				MARKETING_VERSION = 1.0;
				PRODUCT_BUNDLE_IDENTIFIER = mohsulthana.TwitterClone;
				PRODUCT_NAME = "$(TARGET_NAME)";
				SWIFT_EMIT_LOC_STRINGS = YES;
				SWIFT_VERSION = 5.0;
				TARGETED_DEVICE_FAMILY = "1,2";
			};
			name = Release;
		};
		174A4E832700BD79007D380D /* Debug */ = {
			isa = XCBuildConfiguration;
			buildSettings = {
				ALWAYS_EMBED_SWIFT_STANDARD_LIBRARIES = YES;
				BUNDLE_LOADER = "$(TEST_HOST)";
				CODE_SIGN_STYLE = Automatic;
				CURRENT_PROJECT_VERSION = 1;
				DEVELOPMENT_TEAM = 45N4YCBZCJ;
				GENERATE_INFOPLIST_FILE = YES;
				IPHONEOS_DEPLOYMENT_TARGET = 15.0;
				LD_RUNPATH_SEARCH_PATHS = (
					"$(inherited)",
					"@executable_path/Frameworks",
					"@loader_path/Frameworks",
				);
				MARKETING_VERSION = 1.0;
				PRODUCT_BUNDLE_IDENTIFIER = mohsulthana.TwitterCloneTests;
				PRODUCT_NAME = "$(TARGET_NAME)";
				SWIFT_EMIT_LOC_STRINGS = NO;
				SWIFT_VERSION = 5.0;
				TARGETED_DEVICE_FAMILY = "1,2";
				TEST_HOST = "$(BUILT_PRODUCTS_DIR)/TwitterClone.app/TwitterClone";
			};
			name = Debug;
		};
		174A4E842700BD79007D380D /* Release */ = {
			isa = XCBuildConfiguration;
			buildSettings = {
				ALWAYS_EMBED_SWIFT_STANDARD_LIBRARIES = YES;
				BUNDLE_LOADER = "$(TEST_HOST)";
				CODE_SIGN_STYLE = Automatic;
				CURRENT_PROJECT_VERSION = 1;
				DEVELOPMENT_TEAM = 45N4YCBZCJ;
				GENERATE_INFOPLIST_FILE = YES;
				IPHONEOS_DEPLOYMENT_TARGET = 15.0;
				LD_RUNPATH_SEARCH_PATHS = (
					"$(inherited)",
					"@executable_path/Frameworks",
					"@loader_path/Frameworks",
				);
				MARKETING_VERSION = 1.0;
				PRODUCT_BUNDLE_IDENTIFIER = mohsulthana.TwitterCloneTests;
				PRODUCT_NAME = "$(TARGET_NAME)";
				SWIFT_EMIT_LOC_STRINGS = NO;
				SWIFT_VERSION = 5.0;
				TARGETED_DEVICE_FAMILY = "1,2";
				TEST_HOST = "$(BUILT_PRODUCTS_DIR)/TwitterClone.app/TwitterClone";
			};
			name = Release;
		};
		174A4E862700BD79007D380D /* Debug */ = {
			isa = XCBuildConfiguration;
			buildSettings = {
				ALWAYS_EMBED_SWIFT_STANDARD_LIBRARIES = YES;
				CODE_SIGN_STYLE = Automatic;
				CURRENT_PROJECT_VERSION = 1;
				DEVELOPMENT_TEAM = 45N4YCBZCJ;
				GENERATE_INFOPLIST_FILE = YES;
				LD_RUNPATH_SEARCH_PATHS = (
					"$(inherited)",
					"@executable_path/Frameworks",
					"@loader_path/Frameworks",
				);
				MARKETING_VERSION = 1.0;
				PRODUCT_BUNDLE_IDENTIFIER = mohsulthana.TwitterCloneUITests;
				PRODUCT_NAME = "$(TARGET_NAME)";
				SWIFT_EMIT_LOC_STRINGS = NO;
				SWIFT_VERSION = 5.0;
				TARGETED_DEVICE_FAMILY = "1,2";
				TEST_TARGET_NAME = TwitterClone;
			};
			name = Debug;
		};
		174A4E872700BD79007D380D /* Release */ = {
			isa = XCBuildConfiguration;
			buildSettings = {
				ALWAYS_EMBED_SWIFT_STANDARD_LIBRARIES = YES;
				CODE_SIGN_STYLE = Automatic;
				CURRENT_PROJECT_VERSION = 1;
				DEVELOPMENT_TEAM = 45N4YCBZCJ;
				GENERATE_INFOPLIST_FILE = YES;
				LD_RUNPATH_SEARCH_PATHS = (
					"$(inherited)",
					"@executable_path/Frameworks",
					"@loader_path/Frameworks",
				);
				MARKETING_VERSION = 1.0;
				PRODUCT_BUNDLE_IDENTIFIER = mohsulthana.TwitterCloneUITests;
				PRODUCT_NAME = "$(TARGET_NAME)";
				SWIFT_EMIT_LOC_STRINGS = NO;
				SWIFT_VERSION = 5.0;
				TARGETED_DEVICE_FAMILY = "1,2";
				TEST_TARGET_NAME = TwitterClone;
			};
			name = Release;
		};
/* End XCBuildConfiguration section */

/* Begin XCConfigurationList section */
		174A4E4D2700BD77007D380D /* Build configuration list for PBXProject "TwitterClone" */ = {
			isa = XCConfigurationList;
			buildConfigurations = (
				174A4E7D2700BD79007D380D /* Debug */,
				174A4E7E2700BD79007D380D /* Release */,
			);
			defaultConfigurationIsVisible = 0;
			defaultConfigurationName = Release;
		};
		174A4E7F2700BD79007D380D /* Build configuration list for PBXNativeTarget "TwitterClone" */ = {
			isa = XCConfigurationList;
			buildConfigurations = (
				174A4E802700BD79007D380D /* Debug */,
				174A4E812700BD79007D380D /* Release */,
			);
			defaultConfigurationIsVisible = 0;
			defaultConfigurationName = Release;
		};
		174A4E822700BD79007D380D /* Build configuration list for PBXNativeTarget "TwitterCloneTests" */ = {
			isa = XCConfigurationList;
			buildConfigurations = (
				174A4E832700BD79007D380D /* Debug */,
				174A4E842700BD79007D380D /* Release */,
			);
			defaultConfigurationIsVisible = 0;
			defaultConfigurationName = Release;
		};
		174A4E852700BD79007D380D /* Build configuration list for PBXNativeTarget "TwitterCloneUITests" */ = {
			isa = XCConfigurationList;
			buildConfigurations = (
				174A4E862700BD79007D380D /* Debug */,
				174A4E872700BD79007D380D /* Release */,
			);
			defaultConfigurationIsVisible = 0;
			defaultConfigurationName = Release;
		};
/* End XCConfigurationList section */

/* Begin XCVersionGroup section */
		174A4E5E2700BD78007D380D /* TwitterClone.xcdatamodeld */ = {
			isa = XCVersionGroup;
			children = (
				174A4E5F2700BD78007D380D /* TwitterClone.xcdatamodel */,
			);
			currentVersion = 174A4E5F2700BD78007D380D /* TwitterClone.xcdatamodel */;
			path = TwitterClone.xcdatamodeld;
			sourceTree = "<group>";
			versionGroupType = wrapper.xcdatamodel;
		};
/* End XCVersionGroup section */
	};
	rootObject = 174A4E4A2700BD77007D380D /* Project object */;
}
